
Microsoft Visual Studio Solution File, Format Version 12.00
# Visual Studio Version 16
VisualStudioVersion = 16.0.30011.22
MinimumVisualStudioVersion = 10.0.40219.1
Project("{8BC9CEB8-8B4A-11D0-8D11-00A0C91BC942}") = "EngineCore", "EngineCore\EngineCore.vcxproj", "{593107E0-E2C6-4435-A0A3-84ACCDC2BF17}"
	ProjectSection(ProjectDependencies) = postProject
		{94976F1D-11C0-4B3B-A27E-581942A5B500} = {94976F1D-11C0-4B3B-A27E-581942A5B500}
		{81CE8DAF-EBB2-4761-8E45-B71ABCCA8C68} = {81CE8DAF-EBB2-4761-8E45-B71ABCCA8C68}
	EndProjectSection
EndProject
Project("{8BC9CEB8-8B4A-11D0-8D11-00A0C91BC942}") = "Lua", "Lua\Lua.vcxproj", "{94976F1D-11C0-4B3B-A27E-581942A5B500}"
EndProject
Project("{8BC9CEB8-8B4A-11D0-8D11-00A0C91BC942}") = "SDL2", "SDL\VisualC\SDL\SDL.vcxproj", "{81CE8DAF-EBB2-4761-8E45-B71ABCCA8C68}"
EndProject
Global
	GlobalSection(SolutionConfigurationPlatforms) = preSolution
		Debug|x64 = Debug|x64
		Debug|x86 = Debug|x86
		Release|x64 = Release|x64
		Release|x86 = Release|x86
	EndGlobalSection
	GlobalSection(ProjectConfigurationPlatforms) = postSolution
		{593107E0-E2C6-4435-A0A3-84ACCDC2BF17}.Debug|x64.ActiveCfg = Debug|x64
		{593107E0-E2C6-4435-A0A3-84ACCDC2BF17}.Debug|x64.Build.0 = Debug|x64
		{593107E0-E2C6-4435-A0A3-84ACCDC2BF17}.Debug|x86.ActiveCfg = Debug|Win32
		{593107E0-E2C6-4435-A0A3-84ACCDC2BF17}.Debug|x86.Build.0 = Debug|Win32
		{593107E0-E2C6-4435-A0A3-84ACCDC2BF17}.Release|x64.ActiveCfg = Release|x64
		{593107E0-E2C6-4435-A0A3-84ACCDC2BF17}.Release|x64.Build.0 = Release|x64
		{593107E0-E2C6-4435-A0A3-84ACCDC2BF17}.Release|x86.ActiveCfg = Release|Win32
		{593107E0-E2C6-4435-A0A3-84ACCDC2BF17}.Release|x86.Build.0 = Release|Win32
		{94976F1D-11C0-4B3B-A27E-581942A5B500}.Debug|x64.ActiveCfg = Debug|x64
		{94976F1D-11C0-4B3B-A27E-581942A5B500}.Debug|x64.Build.0 = Debug|x64
		{94976F1D-11C0-4B3B-A27E-581942A5B500}.Debug|x86.ActiveCfg = Debug|Win32
		{94976F1D-11C0-4B3B-A27E-581942A5B500}.Debug|x86.Build.0 = Debug|Win32
		{94976F1D-11C0-4B3B-A27E-581942A5B500}.Release|x64.ActiveCfg = Release|x64
		{94976F1D-11C0-4B3B-A27E-581942A5B500}.Release|x64.Build.0 = Release|x64
		{94976F1D-11C0-4B3B-A27E-581942A5B500}.Release|x86.ActiveCfg = Release|Win32
		{94976F1D-11C0-4B3B-A27E-581942A5B500}.Release|x86.Build.0 = Release|Win32
		{81CE8DAF-EBB2-4761-8E45-B71ABCCA8C68}.Debug|x64.ActiveCfg = Debug|x64
		{81CE8DAF-EBB2-4761-8E45-B71ABCCA8C68}.Debug|x64.Build.0 = Debug|x64
		{81CE8DAF-EBB2-4761-8E45-B71ABCCA8C68}.Debug|x86.ActiveCfg = Debug|Win32
		{81CE8DAF-EBB2-4761-8E45-B71ABCCA8C68}.Debug|x86.Build.0 = Debug|Win32
		{81CE8DAF-EBB2-4761-8E45-B71ABCCA8C68}.Release|x64.ActiveCfg = Release|x64
		{81CE8DAF-EBB2-4761-8E45-B71ABCCA8C68}.Release|x64.Build.0 = Release|x64
		{81CE8DAF-EBB2-4761-8E45-B71ABCCA8C68}.Release|x86.ActiveCfg = Release|Win32
		{81CE8DAF-EBB2-4761-8E45-B71ABCCA8C68}.Release|x86.Build.0 = Release|Win32
	EndGlobalSection
	GlobalSection(SolutionProperties) = preSolution
		HideSolutionNode = FALSE
	EndGlobalSection
	GlobalSection(ExtensibilityGlobals) = postSolution
		SolutionGuid = {15CCA409-CA1A-42A9-BD8A-13F3080B0045}
	EndGlobalSection
EndGlobal
